
Microsoft Visual Studio Solution File, Format Version 12.00
# Visual Studio Version 17
VisualStudioVersion = 17.1.32210.238
MinimumVisualStudioVersion = 10.0.40219.1
Project("{9A19103F-16F7-4668-BE54-9A1E7A4F7556}") = "ConsoleApp", "ConsoleApp\ConsoleApp.csproj", "{9A41C96C-DE7E-4EBB-9081-B357D735F5D6}"
EndProject
Project("{9A19103F-16F7-4668-BE54-9A1E7A4F7556}") = "Test", "Test\Test.csproj", "{5DB0CD15-F531-43F0-AD30-B601548B7A85}"
EndProject
Project("{FAE04EC0-301F-11D3-BF4B-00C04F79EFBC}") = "Provider", "Provider\Provider.csproj", "{8EB10E06-88FB-435A-8CF0-29A0F3B17ECA}"
EndProject
Global
	GlobalSection(SolutionConfigurationPlatforms) = preSolution
		Debug|Any CPU = Debug|Any CPU
		Release|Any CPU = Release|Any CPU
	EndGlobalSection
	GlobalSection(ProjectConfigurationPlatforms) = postSolution
		{9A41C96C-DE7E-4EBB-9081-B357D735F5D6}.Debug|Any CPU.ActiveCfg = Debug|Any CPU
		{9A41C96C-DE7E-4EBB-9081-B357D735F5D6}.Debug|Any CPU.Build.0 = Debug|Any CPU
		{9A41C96C-DE7E-4EBB-9081-B357D735F5D6}.Release|Any CPU.ActiveCfg = Release|Any CPU
		{9A41C96C-DE7E-4EBB-9081-B357D735F5D6}.Release|Any CPU.Build.0 = Release|Any CPU
		{5DB0CD15-F531-43F0-AD30-B601548B7A85}.Debug|Any CPU.ActiveCfg = Debug|Any CPU
		{5DB0CD15-F531-43F0-AD30-B601548B7A85}.Debug|Any CPU.Build.0 = Debug|Any CPU
		{5DB0CD15-F531-43F0-AD30-B601548B7A85}.Release|Any CPU.ActiveCfg = Release|Any CPU
		{5DB0CD15-F531-43F0-AD30-B601548B7A85}.Release|Any CPU.Build.0 = Release|Any CPU
		{8EB10E06-88FB-435A-8CF0-29A0F3B17ECA}.Debug|Any CPU.ActiveCfg = Debug|Any CPU
		{8EB10E06-88FB-435A-8CF0-29A0F3B17ECA}.Debug|Any CPU.Build.0 = Debug|Any CPU
		{8EB10E06-88FB-435A-8CF0-29A0F3B17ECA}.Release|Any CPU.ActiveCfg = Release|Any CPU
		{8EB10E06-88FB-435A-8CF0-29A0F3B17ECA}.Release|Any CPU.Build.0 = Release|Any CPU
	EndGlobalSection
	GlobalSection(SolutionProperties) = preSolution
		HideSolutionNode = FALSE
	EndGlobalSection
	GlobalSection(ExtensibilityGlobals) = postSolution
		SolutionGuid = {54C06144-61E9-4EA8-B8EF-BDEB76A03DCA}
	EndGlobalSection
EndGlobal
